Microsoft Visual Studio Solution File, Format Version 11.00
# Visual Studio 2008

Project("{C9B4BA65-DC1B-D3BA-05EB-25555DC71AD6}") = "SpaceBabyProject", "Assembly-CSharp-vs.csproj", "{7029B2D5-D292-6700-AE98-675EB1A0B0CA}"
EndProject
Global
	GlobalSection(SolutionConfigurationPlatforms) = preSolution
		Debug|Any CPU = Debug|Any CPU
		Release|Any CPU = Release|Any CPU
	EndGlobalSection
	GlobalSection(ProjectConfigurationPlatforms) = postSolution
		{7029B2D5-D292-6700-AE98-675EB1A0B0CA}.Debug|Any CPU.ActiveCfg = Debug|Any CPU
		{7029B2D5-D292-6700-AE98-675EB1A0B0CA}.Debug|Any CPU.Build.0 = Debug|Any CPU
		{7029B2D5-D292-6700-AE98-675EB1A0B0CA}.Release|Any CPU.ActiveCfg = Release|Any CPU
		{7029B2D5-D292-6700-AE98-675EB1A0B0CA}.Release|Any CPU.Build.0 = Release|Any CPU
	EndGlobalSection
	GlobalSection(SolutionProperties) = preSolution
		HideSolutionNode = FALSE
	EndGlobalSection
										GlobalSection(MonoDevelopProperties) = preSolution
		Policies = $0
		$0.TextStylePolicy = $1
		$1.inheritsSet = null
		$1.scope = text/x-csharp
		$0.CSharpFormattingPolicy = $2
		$2.inheritsSet = Mono
		$2.inheritsScope = text/x-csharp
		$2.scope = text/x-csharp
		$0.TextStylePolicy = $3
		$3.FileWidth = 120
		$3.TabWidth = 4
		$3.EolMarker = Unix
		$3.inheritsSet = Mono
		$3.inheritsScope = text/plain
		$3.scope = text/plain
	EndGlobalSection

EndGlobal
